
Microsoft Visual Studio Solution File, Format Version 12.00
# Visual Studio Version 16
VisualStudioVersion = 16.0.32126.315
MinimumVisualStudioVersion = 10.0.40219.1
Project("{FAE04EC0-301F-11D3-BF4B-00C04F79EFBC}") = "Delegate", "Delegate\Delegate.csproj", "{5039BA9A-F90F-451C-99ED-8DA570CF4244}"
EndProject
Project("{FAE04EC0-301F-11D3-BF4B-00C04F79EFBC}") = "Event", "Event\Event.csproj", "{061C907C-2A58-4523-9CAB-890EE9437554}"
EndProject
Global
	GlobalSection(SolutionConfigurationPlatforms) = preSolution
		Debug|Any CPU = Debug|Any CPU
		Release|Any CPU = Release|Any CPU
	EndGlobalSection
	GlobalSection(ProjectConfigurationPlatforms) = postSolution
		{5039BA9A-F90F-451C-99ED-8DA570CF4244}.Debug|Any CPU.ActiveCfg = Debug|Any CPU
		{5039BA9A-F90F-451C-99ED-8DA570CF4244}.Debug|Any CPU.Build.0 = Debug|Any CPU
		{5039BA9A-F90F-451C-99ED-8DA570CF4244}.Release|Any CPU.ActiveCfg = Release|Any CPU
		{5039BA9A-F90F-451C-99ED-8DA570CF4244}.Release|Any CPU.Build.0 = Release|Any CPU
		{061C907C-2A58-4523-9CAB-890EE9437554}.Debug|Any CPU.ActiveCfg = Debug|Any CPU
		{061C907C-2A58-4523-9CAB-890EE9437554}.Debug|Any CPU.Build.0 = Debug|Any CPU
		{061C907C-2A58-4523-9CAB-890EE9437554}.Release|Any CPU.ActiveCfg = Release|Any CPU
		{061C907C-2A58-4523-9CAB-890EE9437554}.Release|Any CPU.Build.0 = Release|Any CPU
	EndGlobalSection
	GlobalSection(SolutionProperties) = preSolution
		HideSolutionNode = FALSE
	EndGlobalSection
	GlobalSection(ExtensibilityGlobals) = postSolution
		SolutionGuid = {B0036CB0-941C-4078-A458-038429A52324}
	EndGlobalSection
EndGlobal
